
Microsoft Visual Studio Solution File, Format Version 12.00
# Visual Studio Version 17
VisualStudioVersion = 17.5.33502.453
MinimumVisualStudioVersion = 10.0.40219.1
Project("{FAE04EC0-301F-11D3-BF4B-00C04F79EFBC}") = "Radio", "Radio\Radio.csproj", "{725E0F05-F136-457C-A0F1-12DFDE667744}"
EndProject
Global
	GlobalSection(SolutionConfigurationPlatforms) = preSolution
		Debug|Any CPU = Debug|Any CPU
		Release|Any CPU = Release|Any CPU
	EndGlobalSection
	GlobalSection(ProjectConfigurationPlatforms) = postSolution
		{725E0F05-F136-457C-A0F1-12DFDE667744}.Debug|Any CPU.ActiveCfg = Debug|Any CPU
		{725E0F05-F136-457C-A0F1-12DFDE667744}.Debug|Any CPU.Build.0 = Debug|Any CPU
		{725E0F05-F136-457C-A0F1-12DFDE667744}.Release|Any CPU.ActiveCfg = Release|Any CPU
		{725E0F05-F136-457C-A0F1-12DFDE667744}.Release|Any CPU.Build.0 = Release|Any CPU
	EndGlobalSection
	GlobalSection(SolutionProperties) = preSolution
		HideSolutionNode = FALSE
	EndGlobalSection
	GlobalSection(ExtensibilityGlobals) = postSolution
		SolutionGuid = {6A61A647-2682-41EF-A2DE-DAB5048BCC21}
	EndGlobalSection
EndGlobal
